
Microsoft Visual Studio Solution File, Format Version 12.00
# Visual Studio 15
Project("{FAE04EC0-301F-11D3-BF4B-00C04F79EFBC}") = "musteriodev", "musteriodev\musteriodev.csproj", "{49B638A2-A3B4-4246-8AFA-84BFBB86C6C4}"
EndProject
Global
	GlobalSection(SolutionConfigurationPlatforms) = preSolution
		Debug|Any CPU = Debug|Any CPU
		Release|Any CPU = Release|Any CPU
	EndGlobalSection
	GlobalSection(ProjectConfigurationPlatforms) = postSolution
		{49B638A2-A3B4-4246-8AFA-84BFBB86C6C4}.Debug|Any CPU.ActiveCfg = Debug|Any CPU
		{49B638A2-A3B4-4246-8AFA-84BFBB86C6C4}.Debug|Any CPU.Build.0 = Debug|Any CPU
		{49B638A2-A3B4-4246-8AFA-84BFBB86C6C4}.Release|Any CPU.ActiveCfg = Release|Any CPU
		{49B638A2-A3B4-4246-8AFA-84BFBB86C6C4}.Release|Any CPU.Build.0 = Release|Any CPU
	EndGlobalSection
EndGlobal
